
Microsoft Visual Studio Solution File, Format Version 11.00
# Visual Studio 2010
Project("{FAE04EC0-301F-11D3-BF4B-00C04F79EFBC}") = "fluentworkflow.core", "src\fluentworkflow.core\fluentworkflow.core.csproj", "{77A47D74-B89D-4B6A-8BD0-8E71116FED5C}"
EndProject
Project("{FAE04EC0-301F-11D3-BF4B-00C04F79EFBC}") = "fluentworkflow.core.unittest", "src\fluentworkflow.core.unittest\fluentworkflow.core.unittest.csproj", "{639E403F-9927-4A8C-AB33-0994443AFD90}"
EndProject
Project("{2150E333-8FDC-42A3-9474-1A3956D46DE8}") = "Samples", "Samples", "{AEA8B37B-9207-41E4-8183-ADD9CBB05CED}"
EndProject
Project("{FAE04EC0-301F-11D3-BF4B-00C04F79EFBC}") = "fluentworkflow.core.testhelpers", "fluentworkflow.core.testhelpers\fluentworkflow.core.testhelpers.csproj", "{204719BC-3753-45B6-AE77-EA47FD9E1C56}"
EndProject
Project("{FAE04EC0-301F-11D3-BF4B-00C04F79EFBC}") = "blogflow", "samples\blogflow\blogflow.csproj", "{695A7B56-B704-4ABD-B781-4598B8B9D0CB}"
EndProject
Project("{FAE04EC0-301F-11D3-BF4B-00C04F79EFBC}") = "blogflow.unittests", "samples\blogflow.unittests\blogflow.unittests.csproj", "{63A23E69-71FC-442D-8D85-C4AD0B9F019C}"
EndProject
Global
	GlobalSection(SolutionConfigurationPlatforms) = preSolution
		Debug|Any CPU = Debug|Any CPU
		Release|Any CPU = Release|Any CPU
	EndGlobalSection
	GlobalSection(ProjectConfigurationPlatforms) = postSolution
		{77A47D74-B89D-4B6A-8BD0-8E71116FED5C}.Debug|Any CPU.ActiveCfg = Debug|Any CPU
		{77A47D74-B89D-4B6A-8BD0-8E71116FED5C}.Debug|Any CPU.Build.0 = Debug|Any CPU
		{77A47D74-B89D-4B6A-8BD0-8E71116FED5C}.Release|Any CPU.ActiveCfg = Release|Any CPU
		{77A47D74-B89D-4B6A-8BD0-8E71116FED5C}.Release|Any CPU.Build.0 = Release|Any CPU
		{639E403F-9927-4A8C-AB33-0994443AFD90}.Debug|Any CPU.ActiveCfg = Debug|Any CPU
		{639E403F-9927-4A8C-AB33-0994443AFD90}.Debug|Any CPU.Build.0 = Debug|Any CPU
		{639E403F-9927-4A8C-AB33-0994443AFD90}.Release|Any CPU.ActiveCfg = Release|Any CPU
		{639E403F-9927-4A8C-AB33-0994443AFD90}.Release|Any CPU.Build.0 = Release|Any CPU
		{204719BC-3753-45B6-AE77-EA47FD9E1C56}.Debug|Any CPU.ActiveCfg = Debug|Any CPU
		{204719BC-3753-45B6-AE77-EA47FD9E1C56}.Debug|Any CPU.Build.0 = Debug|Any CPU
		{204719BC-3753-45B6-AE77-EA47FD9E1C56}.Release|Any CPU.ActiveCfg = Release|Any CPU
		{204719BC-3753-45B6-AE77-EA47FD9E1C56}.Release|Any CPU.Build.0 = Release|Any CPU
		{695A7B56-B704-4ABD-B781-4598B8B9D0CB}.Debug|Any CPU.ActiveCfg = Debug|Any CPU
		{695A7B56-B704-4ABD-B781-4598B8B9D0CB}.Debug|Any CPU.Build.0 = Debug|Any CPU
		{695A7B56-B704-4ABD-B781-4598B8B9D0CB}.Release|Any CPU.ActiveCfg = Release|Any CPU
		{695A7B56-B704-4ABD-B781-4598B8B9D0CB}.Release|Any CPU.Build.0 = Release|Any CPU
		{63A23E69-71FC-442D-8D85-C4AD0B9F019C}.Debug|Any CPU.ActiveCfg = Debug|Any CPU
		{63A23E69-71FC-442D-8D85-C4AD0B9F019C}.Debug|Any CPU.Build.0 = Debug|Any CPU
		{63A23E69-71FC-442D-8D85-C4AD0B9F019C}.Release|Any CPU.ActiveCfg = Release|Any CPU
		{63A23E69-71FC-442D-8D85-C4AD0B9F019C}.Release|Any CPU.Build.0 = Release|Any CPU
	EndGlobalSection
	GlobalSection(SolutionProperties) = preSolution
		HideSolutionNode = FALSE
	EndGlobalSection
	GlobalSection(NestedProjects) = preSolution
		{695A7B56-B704-4ABD-B781-4598B8B9D0CB} = {AEA8B37B-9207-41E4-8183-ADD9CBB05CED}
		{63A23E69-71FC-442D-8D85-C4AD0B9F019C} = {AEA8B37B-9207-41E4-8183-ADD9CBB05CED}
	EndGlobalSection
EndGlobal
